
Microsoft Visual Studio Solution File, Format Version 12.00
# Visual Studio 15
VisualStudioVersion = 15.0.28307.271
MinimumVisualStudioVersion = 10.0.40219.1
Project("{8BC9CEB8-8B4A-11D0-8D11-00A0C91BC942}") = "GTASDKLoader", "GTASDKLoader\GTASDKLoader.vcxproj", "{51B81ADC-9500-4E15-9D84-6C017C12404C}"
EndProject
Project("{FAE04EC0-301F-11D3-BF4B-00C04F79EFBC}") = "GTASDKNET", "GTASDKNET\GTASDKNET.csproj", "{26A0F3DE-4643-494A-8380-9DC6E4A6FEF0}"
EndProject
Project("{FAE04EC0-301F-11D3-BF4B-00C04F79EFBC}") = "VCTest", "VCTest\VCTest.csproj", "{4F82B6B0-290D-4493-AAB7-513C402E477F}"
EndProject
Project("{2150E333-8FDC-42A3-9474-1A3956D46DE8}") = "Examples", "Examples", "{7C954AF8-D0E7-44A9-A2D9-B04B986B3BD3}"
EndProject
Project("{F184B08F-C81C-45F6-A57F-5ABD9991F28F}") = "VCVBExample", "VCVBExample\VCVBExample.vbproj", "{024C702C-2D88-46D9-812F-807CB9742F1F}"
EndProject
Global
	GlobalSection(SolutionConfigurationPlatforms) = preSolution
		Debug|Any CPU = Debug|Any CPU
		Debug|x64 = Debug|x64
		Debug|x86 = Debug|x86
		Release|Any CPU = Release|Any CPU
		Release|x64 = Release|x64
		Release|x86 = Release|x86
	EndGlobalSection
	GlobalSection(ProjectConfigurationPlatforms) = postSolution
		{51B81ADC-9500-4E15-9D84-6C017C12404C}.Debug|Any CPU.ActiveCfg = Debug|Win32
		{51B81ADC-9500-4E15-9D84-6C017C12404C}.Debug|x64.ActiveCfg = Debug|x64
		{51B81ADC-9500-4E15-9D84-6C017C12404C}.Debug|x64.Build.0 = Debug|x64
		{51B81ADC-9500-4E15-9D84-6C017C12404C}.Debug|x86.ActiveCfg = Debug|Win32
		{51B81ADC-9500-4E15-9D84-6C017C12404C}.Debug|x86.Build.0 = Debug|Win32
		{51B81ADC-9500-4E15-9D84-6C017C12404C}.Release|Any CPU.ActiveCfg = Release|Win32
		{51B81ADC-9500-4E15-9D84-6C017C12404C}.Release|x64.ActiveCfg = Release|x64
		{51B81ADC-9500-4E15-9D84-6C017C12404C}.Release|x64.Build.0 = Release|x64
		{51B81ADC-9500-4E15-9D84-6C017C12404C}.Release|x86.ActiveCfg = Release|Win32
		{51B81ADC-9500-4E15-9D84-6C017C12404C}.Release|x86.Build.0 = Release|Win32
		{26A0F3DE-4643-494A-8380-9DC6E4A6FEF0}.Debug|Any CPU.ActiveCfg = Debug|Any CPU
		{26A0F3DE-4643-494A-8380-9DC6E4A6FEF0}.Debug|Any CPU.Build.0 = Debug|Any CPU
		{26A0F3DE-4643-494A-8380-9DC6E4A6FEF0}.Debug|x64.ActiveCfg = Debug|Any CPU
		{26A0F3DE-4643-494A-8380-9DC6E4A6FEF0}.Debug|x64.Build.0 = Debug|Any CPU
		{26A0F3DE-4643-494A-8380-9DC6E4A6FEF0}.Debug|x86.ActiveCfg = Debug|Any CPU
		{26A0F3DE-4643-494A-8380-9DC6E4A6FEF0}.Debug|x86.Build.0 = Debug|Any CPU
		{26A0F3DE-4643-494A-8380-9DC6E4A6FEF0}.Release|Any CPU.ActiveCfg = Release|Any CPU
		{26A0F3DE-4643-494A-8380-9DC6E4A6FEF0}.Release|Any CPU.Build.0 = Release|Any CPU
		{26A0F3DE-4643-494A-8380-9DC6E4A6FEF0}.Release|x64.ActiveCfg = Release|Any CPU
		{26A0F3DE-4643-494A-8380-9DC6E4A6FEF0}.Release|x64.Build.0 = Release|Any CPU
		{26A0F3DE-4643-494A-8380-9DC6E4A6FEF0}.Release|x86.ActiveCfg = Release|Any CPU
		{26A0F3DE-4643-494A-8380-9DC6E4A6FEF0}.Release|x86.Build.0 = Release|Any CPU
		{4F82B6B0-290D-4493-AAB7-513C402E477F}.Debug|Any CPU.ActiveCfg = Debug|Any CPU
		{4F82B6B0-290D-4493-AAB7-513C402E477F}.Debug|Any CPU.Build.0 = Debug|Any CPU
		{4F82B6B0-290D-4493-AAB7-513C402E477F}.Debug|x64.ActiveCfg = Debug|Any CPU
		{4F82B6B0-290D-4493-AAB7-513C402E477F}.Debug|x64.Build.0 = Debug|Any CPU
		{4F82B6B0-290D-4493-AAB7-513C402E477F}.Debug|x86.ActiveCfg = Debug|Any CPU
		{4F82B6B0-290D-4493-AAB7-513C402E477F}.Debug|x86.Build.0 = Debug|Any CPU
		{4F82B6B0-290D-4493-AAB7-513C402E477F}.Release|Any CPU.ActiveCfg = Release|Any CPU
		{4F82B6B0-290D-4493-AAB7-513C402E477F}.Release|Any CPU.Build.0 = Release|Any CPU
		{4F82B6B0-290D-4493-AAB7-513C402E477F}.Release|x64.ActiveCfg = Release|Any CPU
		{4F82B6B0-290D-4493-AAB7-513C402E477F}.Release|x64.Build.0 = Release|Any CPU
		{4F82B6B0-290D-4493-AAB7-513C402E477F}.Release|x86.ActiveCfg = Release|Any CPU
		{4F82B6B0-290D-4493-AAB7-513C402E477F}.Release|x86.Build.0 = Release|Any CPU
		{024C702C-2D88-46D9-812F-807CB9742F1F}.Debug|Any CPU.ActiveCfg = Debug|Any CPU
		{024C702C-2D88-46D9-812F-807CB9742F1F}.Debug|Any CPU.Build.0 = Debug|Any CPU
		{024C702C-2D88-46D9-812F-807CB9742F1F}.Debug|x64.ActiveCfg = Debug|Any CPU
		{024C702C-2D88-46D9-812F-807CB9742F1F}.Debug|x64.Build.0 = Debug|Any CPU
		{024C702C-2D88-46D9-812F-807CB9742F1F}.Debug|x86.ActiveCfg = Debug|Any CPU
		{024C702C-2D88-46D9-812F-807CB9742F1F}.Debug|x86.Build.0 = Debug|Any CPU
		{024C702C-2D88-46D9-812F-807CB9742F1F}.Release|Any CPU.ActiveCfg = Release|Any CPU
		{024C702C-2D88-46D9-812F-807CB9742F1F}.Release|Any CPU.Build.0 = Release|Any CPU
		{024C702C-2D88-46D9-812F-807CB9742F1F}.Release|x64.ActiveCfg = Release|Any CPU
		{024C702C-2D88-46D9-812F-807CB9742F1F}.Release|x64.Build.0 = Release|Any CPU
		{024C702C-2D88-46D9-812F-807CB9742F1F}.Release|x86.ActiveCfg = Release|Any CPU
		{024C702C-2D88-46D9-812F-807CB9742F1F}.Release|x86.Build.0 = Release|Any CPU
	EndGlobalSection
	GlobalSection(SolutionProperties) = preSolution
		HideSolutionNode = FALSE
	EndGlobalSection
	GlobalSection(NestedProjects) = preSolution
		{4F82B6B0-290D-4493-AAB7-513C402E477F} = {7C954AF8-D0E7-44A9-A2D9-B04B986B3BD3}
		{024C702C-2D88-46D9-812F-807CB9742F1F} = {7C954AF8-D0E7-44A9-A2D9-B04B986B3BD3}
	EndGlobalSection
	GlobalSection(ExtensibilityGlobals) = postSolution
		SolutionGuid = {34EC38F5-2E72-4B11-BD82-71F3A9749244}
	EndGlobalSection
EndGlobal
